
Microsoft Visual Studio Solution File, Format Version 12.00
# Visual Studio Version 16
VisualStudioVersion = 16.0.29728.190
MinimumVisualStudioVersion = 10.0.40219.1
Project("{FAE04EC0-301F-11D3-BF4B-00C04F79EFBC}") = "Monstecat Desktop Player", "Monstecat Desktop Player\Monstecat Desktop Player.csproj", "{676F7179-30D9-450E-94EF-DEAD1F4082FF}"
EndProject
Global
	GlobalSection(SolutionConfigurationPlatforms) = preSolution
		Debug|Any CPU = Debug|Any CPU
		Debug|x64 = Debug|x64
		Release|Any CPU = Release|Any CPU
		Release|x64 = Release|x64
	EndGlobalSection
	GlobalSection(ProjectConfigurationPlatforms) = postSolution
		{676F7179-30D9-450E-94EF-DEAD1F4082FF}.Debug|Any CPU.ActiveCfg = Debug|Any CPU
		{676F7179-30D9-450E-94EF-DEAD1F4082FF}.Debug|Any CPU.Build.0 = Debug|Any CPU
		{676F7179-30D9-450E-94EF-DEAD1F4082FF}.Debug|x64.ActiveCfg = Debug|x64
		{676F7179-30D9-450E-94EF-DEAD1F4082FF}.Debug|x64.Build.0 = Debug|x64
		{676F7179-30D9-450E-94EF-DEAD1F4082FF}.Release|Any CPU.ActiveCfg = Release|Any CPU
		{676F7179-30D9-450E-94EF-DEAD1F4082FF}.Release|Any CPU.Build.0 = Release|Any CPU
		{676F7179-30D9-450E-94EF-DEAD1F4082FF}.Release|x64.ActiveCfg = Release|x64
		{676F7179-30D9-450E-94EF-DEAD1F4082FF}.Release|x64.Build.0 = Release|x64
	EndGlobalSection
	GlobalSection(SolutionProperties) = preSolution
		HideSolutionNode = FALSE
	EndGlobalSection
	GlobalSection(ExtensibilityGlobals) = postSolution
		SolutionGuid = {3AD4EA39-3F50-4166-901B-3D9901FE04BB}
	EndGlobalSection
EndGlobal
